
Microsoft Visual Studio Solution File, Format Version 12.00
# Visual Studio Version 16
VisualStudioVersion = 16.0.33027.164
MinimumVisualStudioVersion = 10.0.40219.1
Project("{FAE04EC0-301F-11D3-BF4B-00C04F79EFBC}") = "ConsoleApp1", "ConsoleApp1\ConsoleApp1.csproj", "{7BEAB84C-D7D5-4657-88E7-212735C94782}"
EndProject
Global
	GlobalSection(SolutionConfigurationPlatforms) = preSolution
		Debug|Any CPU = Debug|Any CPU
		Release|Any CPU = Release|Any CPU
	EndGlobalSection
	GlobalSection(ProjectConfigurationPlatforms) = postSolution
		{7BEAB84C-D7D5-4657-88E7-212735C94782}.Debug|Any CPU.ActiveCfg = Debug|Any CPU
		{7BEAB84C-D7D5-4657-88E7-212735C94782}.Debug|Any CPU.Build.0 = Debug|Any CPU
		{7BEAB84C-D7D5-4657-88E7-212735C94782}.Release|Any CPU.ActiveCfg = Release|Any CPU
		{7BEAB84C-D7D5-4657-88E7-212735C94782}.Release|Any CPU.Build.0 = Release|Any CPU
	EndGlobalSection
	GlobalSection(SolutionProperties) = preSolution
		HideSolutionNode = FALSE
	EndGlobalSection
	GlobalSection(ExtensibilityGlobals) = postSolution
		SolutionGuid = {3A0447B6-E30D-4275-A2B2-3F8E7901C19A}
	EndGlobalSection
EndGlobal
